// !$*UTF8*$!
{
	archiveVersion = 1;
	classes = {
	};
	objectVersion = 56;
	objects = {

/* Begin PBXBuildFile section */
		6A27E4D12B77AFE800A3CA10 /* RealityKitContent in Frameworks */ = {isa = PBXBuildFile; productRef = 6A27E4D02B77AFE800A3CA10 /* RealityKitContent */; };
		6A27E4D32B77AFE800A3CA10 /* WallArtApp.swift in Sources */ = {isa = PBXBuildFile; fileRef = 6A27E4D22B77AFE800A3CA10 /* WallArtApp.swift */; };
		6A27E4D52B77AFE800A3CA10 /* ContentView.swift in Sources */ = {isa = PBXBuildFile; fileRef = 6A27E4D42B77AFE800A3CA10 /* ContentView.swift */; };
		6A27E4D72B77AFE800A3CA10 /* ImmersiveView.swift in Sources */ = {isa = PBXBuildFile; fileRef = 6A27E4D62B77AFE800A3CA10 /* ImmersiveView.swift */; };
		6A27E4D92B77AFEB00A3CA10 /* Assets.xcassets in Resources */ = {isa = PBXBuildFile; fileRef = 6A27E4D82B77AFEB00A3CA10 /* Assets.xcassets */; };
		6A27E4DC2B77AFEB00A3CA10 /* Preview Assets.xcassets in Resources */ = {isa = PBXBuildFile; fileRef = 6A27E4DB2B77AFEB00A3CA10 /* Preview Assets.xcassets */; };
		6A27E4E72B77AFEB00A3CA10 /* WallArtTests.swift in Sources */ = {isa = PBXBuildFile; fileRef = 6A27E4E62B77AFEB00A3CA10 /* WallArtTests.swift */; };
/* End PBXBuildFile section */

/* Begin PBXContainerItemProxy section */
		6A27E4E32B77AFEB00A3CA10 /* PBXContainerItemProxy */ = {
			isa = PBXContainerItemProxy;
			containerPortal = 6A27E4C32B77AFE800A3CA10 /* Project object */;
			proxyType = 1;
			remoteGlobalIDString = 6A27E4CA2B77AFE800A3CA10;
			remoteInfo = WallArt;
		};
/* End PBXContainerItemProxy section */

/* Begin PBXFileReference section */
		6A27E4CB2B77AFE800A3CA10 /* WallArt.app */ = {isa = PBXFileReference; explicitFileType = wrapper.application; includeInIndex = 0; path = WallArt.app; sourceTree = BUILT_PRODUCTS_DIR; };
		6A27E4CF2B77AFE800A3CA10 /* RealityKitContent */ = {isa = PBXFileReference; lastKnownFileType = wrapper; path = RealityKitContent; sourceTree = "<group>"; };
		6A27E4D22B77AFE800A3CA10 /* WallArtApp.swift */ = {isa = PBXFileReference; lastKnownFileType = sourcecode.swift; path = WallArtApp.swift; sourceTree = "<group>"; };
		6A27E4D42B77AFE800A3CA10 /* ContentView.swift */ = {isa = PBXFileReference; lastKnownFileType = sourcecode.swift; path = ContentView.swift; sourceTree = "<group>"; };
		6A27E4D62B77AFE800A3CA10 /* ImmersiveView.swift */ = {isa = PBXFileReference; lastKnownFileType = sourcecode.swift; path = ImmersiveView.swift; sourceTree = "<group>"; };
		6A27E4D82B77AFEB00A3CA10 /* Assets.xcassets */ = {isa = PBXFileReference; lastKnownFileType = folder.assetcatalog; path = Assets.xcassets; sourceTree = "<group>"; };
		6A27E4DB2B77AFEB00A3CA10 /* Preview Assets.xcassets */ = {isa = PBXFileReference; lastKnownFileType = folder.assetcatalog; path = "Preview Assets.xcassets"; sourceTree = "<group>"; };
		6A27E4DD2B77AFEB00A3CA10 /* Info.plist */ = {isa = PBXFileReference; lastKnownFileType = text.plist.xml; path = Info.plist; sourceTree = "<group>"; };
		6A27E4E22B77AFEB00A3CA10 /* WallArtTests.xctest */ = {isa = PBXFileReference; explicitFileType = wrapper.cfbundle; includeInIndex = 0; path = WallArtTests.xctest; sourceTree = BUILT_PRODUCTS_DIR; };
		6A27E4E62B77AFEB00A3CA10 /* WallArtTests.swift */ = {isa = PBXFileReference; lastKnownFileType = sourcecode.swift; path = WallArtTests.swift; sourceTree = "<group>"; };
/* End PBXFileReference section */

/* Begin PBXFrameworksBuildPhase section */
		6A27E4C82B77AFE800A3CA10 /* Frameworks */ = {
			isa = PBXFrameworksBuildPhase;
			buildActionMask = 2147483647;
			files = (
				6A27E4D12B77AFE800A3CA10 /* RealityKitContent in Frameworks */,
			);
			runOnlyForDeploymentPostprocessing = 0;
		};
		6A27E4DF2B77AFEB00A3CA10 /* Frameworks */ = {
			isa = PBXFrameworksBuildPhase;
			buildActionMask = 2147483647;
			files = (
			);
			runOnlyForDeploymentPostprocessing = 0;
		};
/* End PBXFrameworksBuildPhase section */

/* Begin PBXGroup section */
		6A27E4C22B77AFE800A3CA10 = {
			isa = PBXGroup;
			children = (
				6A27E4CD2B77AFE800A3CA10 /* WallArt */,
				6A27E4CE2B77AFE800A3CA10 /* Packages */,
				6A27E4E52B77AFEB00A3CA10 /* WallArtTests */,
				6A27E4CC2B77AFE800A3CA10 /* Products */,
			);
			sourceTree = "<group>";
		};
		6A27E4CC2B77AFE800A3CA10 /* Products */ = {
			isa = PBXGroup;
			children = (
				6A27E4CB2B77AFE800A3CA10 /* WallArt.app */,
				6A27E4E22B77AFEB00A3CA10 /* WallArtTests.xctest */,
			);
			name = Products;
			sourceTree = "<group>";
		};
		6A27E4CD2B77AFE800A3CA10 /* WallArt */ = {
			isa = PBXGroup;
			children = (
				6A27E4D22B77AFE800A3CA10 /* WallArtApp.swift */,
				6A27E4D42B77AFE800A3CA10 /* ContentView.swift */,
				6A27E4D62B77AFE800A3CA10 /* ImmersiveView.swift */,
				6A27E4D82B77AFEB00A3CA10 /* Assets.xcassets */,
				6A27E4DD2B77AFEB00A3CA10 /* Info.plist */,
				6A27E4DA2B77AFEB00A3CA10 /* Preview Content */,
			);
			path = WallArt;
			sourceTree = "<group>";
		};
		6A27E4CE2B77AFE800A3CA10 /* Packages */ = {
			isa = PBXGroup;
			children = (
				6A27E4CF2B77AFE800A3CA10 /* RealityKitContent */,
			);
			path = Packages;
			sourceTree = "<group>";
		};
		6A27E4DA2B77AFEB00A3CA10 /* Preview Content */ = {
			isa = PBXGroup;
			children = (
				6A27E4DB2B77AFEB00A3CA10 /* Preview Assets.xcassets */,
			);
			path = "Preview Content";
			sourceTree = "<group>";
		};
		6A27E4E52B77AFEB00A3CA10 /* WallArtTests */ = {
			isa = PBXGroup;
			children = (
				6A27E4E62B77AFEB00A3CA10 /* WallArtTests.swift */,
			);
			path = WallArtTests;
			sourceTree = "<group>";
		};
/* End PBXGroup section */

/* Begin PBXNativeTarget section */
		6A27E4CA2B77AFE800A3CA10 /* WallArt */ = {
			isa = PBXNativeTarget;
			buildConfigurationList = 6A27E4EA2B77AFEB00A3CA10 /* Build configuration list for PBXNativeTarget "WallArt" */;
			buildPhases = (
				6A27E4C72B77AFE800A3CA10 /* Sources */,
				6A27E4C82B77AFE800A3CA10 /* Frameworks */,
				6A27E4C92B77AFE800A3CA10 /* Resources */,
			);
			buildRules = (
			);
			dependencies = (
			);
			name = WallArt;
			packageProductDependencies = (
				6A27E4D02B77AFE800A3CA10 /* RealityKitContent */,
			);
			productName = WallArt;
			productReference = 6A27E4CB2B77AFE800A3CA10 /* WallArt.app */;
			productType = "com.apple.product-type.application";
		};
		6A27E4E12B77AFEB00A3CA10 /* WallArtTests */ = {
			isa = PBXNativeTarget;
			buildConfigurationList = 6A27E4ED2B77AFEB00A3CA10 /* Build configuration list for PBXNativeTarget "WallArtTests" */;
			buildPhases = (
				6A27E4DE2B77AFEB00A3CA10 /* Sources */,
				6A27E4DF2B77AFEB00A3CA10 /* Frameworks */,
				6A27E4E02B77AFEB00A3CA10 /* Resources */,
			);
			buildRules = (
			);
			dependencies = (
				6A27E4E42B77AFEB00A3CA10 /* PBXTargetDependency */,
			);
			name = WallArtTests;
			productName = WallArtTests;
			productReference = 6A27E4E22B77AFEB00A3CA10 /* WallArtTests.xctest */;
			productType = "com.apple.product-type.bundle.unit-test";
		};
/* End PBXNativeTarget section */

/* Begin PBXProject section */
		6A27E4C32B77AFE800A3CA10 /* Project object */ = {
			isa = PBXProject;
			attributes = {
				BuildIndependentTargetsInParallel = 1;
				LastSwiftUpdateCheck = 1520;
				LastUpgradeCheck = 1520;
				TargetAttributes = {
					6A27E4CA2B77AFE800A3CA10 = {
						CreatedOnToolsVersion = 15.2;
					};
					6A27E4E12B77AFEB00A3CA10 = {
						CreatedOnToolsVersion = 15.2;
						TestTargetID = 6A27E4CA2B77AFE800A3CA10;
					};
				};
			};
			buildConfigurationList = 6A27E4C62B77AFE800A3CA10 /* Build configuration list for PBXProject "WallArt" */;
			compatibilityVersion = "Xcode 14.0";
			developmentRegion = en;
			hasScannedForEncodings = 0;
			knownRegions = (
				en,
				Base,
			);
			mainGroup = 6A27E4C22B77AFE800A3CA10;
			productRefGroup = 6A27E4CC2B77AFE800A3CA10 /* Products */;
			projectDirPath = "";
			projectRoot = "";
			targets = (
				6A27E4CA2B77AFE800A3CA10 /* WallArt */,
				6A27E4E12B77AFEB00A3CA10 /* WallArtTests */,
			);
		};
/* End PBXProject section */

/* Begin PBXResourcesBuildPhase section */
		6A27E4C92B77AFE800A3CA10 /* Resources */ = {
			isa = PBXResourcesBuildPhase;
			buildActionMask = 2147483647;
			files = (
				6A27E4DC2B77AFEB00A3CA10 /* Preview Assets.xcassets in Resources */,
				6A27E4D92B77AFEB00A3CA10 /* Assets.xcassets in Resources */,
			);
			runOnlyForDeploymentPostprocessing = 0;
		};
		6A27E4E02B77AFEB00A3CA10 /* Resources */ = {
			isa = PBXResourcesBuildPhase;
			buildActionMask = 2147483647;
			files = (
			);
			runOnlyForDeploymentPostprocessing = 0;
		};
/* End PBXResourcesBuildPhase section */

/* Begin PBXSourcesBuildPhase section */
		6A27E4C72B77AFE800A3CA10 /* Sources */ = {
			isa = PBXSourcesBuildPhase;
			buildActionMask = 2147483647;
			files = (
				6A27E4D52B77AFE800A3CA10 /* ContentView.swift in Sources */,
				6A27E4D32B77AFE800A3CA10 /* WallArtApp.swift in Sources */,
				6A27E4D72B77AFE800A3CA10 /* ImmersiveView.swift in Sources */,
			);
			runOnlyForDeploymentPostprocessing = 0;
		};
		6A27E4DE2B77AFEB00A3CA10 /* Sources */ = {
			isa = PBXSourcesBuildPhase;
			buildActionMask = 2147483647;
			files = (
				6A27E4E72B77AFEB00A3CA10 /* WallArtTests.swift in Sources */,
			);
			runOnlyForDeploymentPostprocessing = 0;
		};
/* End PBXSourcesBuildPhase section */

/* Begin PBXTargetDependency section */
		6A27E4E42B77AFEB00A3CA10 /* PBXTargetDependency */ = {
			isa = PBXTargetDependency;
			target = 6A27E4CA2B77AFE800A3CA10 /* WallArt */;
			targetProxy = 6A27E4E32B77AFEB00A3CA10 /* PBXContainerItemProxy */;
		};
/* End PBXTargetDependency section */

/* Begin XCBuildConfiguration section */
		6A27E4E82B77AFEB00A3CA10 /* Debug */ = {
			isa = XCBuildConfiguration;
			buildSettings = {
				ALWAYS_SEARCH_USER_PATHS = NO;
				ASSETCATALOG_COMPILER_GENERATE_SWIFT_ASSET_SYMBOL_EXTENSIONS = YES;
				CLANG_ANALYZER_NONNULL = YES;
				CLANG_ANALYZER_NUMBER_OBJECT_CONVERSION = YES_AGGRESSIVE;
				CLANG_CXX_LANGUAGE_STANDARD = "gnu++20";
				CLANG_ENABLE_MODULES = YES;
				CLANG_ENABLE_OBJC_ARC = YES;
				CLANG_ENABLE_OBJC_WEAK = YES;
				CLANG_WARN_BLOCK_CAPTURE_AUTORELEASING = YES;
				CLANG_WARN_BOOL_CONVERSION = YES;
				CLANG_WARN_COMMA = YES;
				CLANG_WARN_CONSTANT_CONVERSION = YES;
				CLANG_WARN_DEPRECATED_OBJC_IMPLEMENTATIONS = YES;
				CLANG_WARN_DIRECT_OBJC_ISA_USAGE = YES_ERROR;
				CLANG_WARN_DOCUMENTATION_COMMENTS = YES;
				CLANG_WARN_EMPTY_BODY = YES;
				CLANG_WARN_ENUM_CONVERSION = YES;
				CLANG_WARN_INFINITE_RECURSION = YES;
				CLANG_WARN_INT_CONVERSION = YES;
				CLANG_WARN_NON_LITERAL_NULL_CONVERSION = YES;
				CLANG_WARN_OBJC_IMPLICIT_RETAIN_SELF = YES;
				CLANG_WARN_OBJC_LITERAL_CONVERSION = YES;
				CLANG_WARN_OBJC_ROOT_CLASS = YES_ERROR;
				CLANG_WARN_QUOTED_INCLUDE_IN_FRAMEWORK_HEADER = YES;
				CLANG_WARN_RANGE_LOOP_ANALYSIS = YES;
				CLANG_WARN_STRICT_PROTOTYPES = YES;
				CLANG_WARN_SUSPICIOUS_MOVE = YES;
				CLANG_WARN_UNGUARDED_AVAILABILITY = YES_AGGRESSIVE;
				CLANG_WARN_UNREACHABLE_CODE = YES;
				CLANG_WARN__DUPLICATE_METHOD_MATCH = YES;
				COPY_PHASE_STRIP = NO;
				DEBUG_INFORMATION_FORMAT = dwarf;
				ENABLE_STRICT_OBJC_MSGSEND = YES;
				ENABLE_TESTABILITY = YES;
				ENABLE_USER_SCRIPT_SANDBOXING = YES;
				GCC_C_LANGUAGE_STANDARD = gnu17;
				GCC_DYNAMIC_NO_PIC = NO;
				GCC_NO_COMMON_BLOCKS = YES;
				GCC_OPTIMIZATION_LEVEL = 0;
				GCC_PREPROCESSOR_DEFINITIONS = (
					"DEBUG=1",
					"$(inherited)",
				);
				GCC_WARN_64_TO_32_BIT_CONVERSION = YES;
				GCC_WARN_ABOUT_RETURN_TYPE = YES_ERROR;
				GCC_WARN_UNDECLARED_SELECTOR = YES;
				GCC_WARN_UNINITIALIZED_AUTOS = YES_AGGRESSIVE;
				GCC_WARN_UNUSED_FUNCTION = YES;
				GCC_WARN_UNUSED_VARIABLE = YES;
				LOCALIZATION_PREFERS_STRING_CATALOGS = YES;
				MTL_ENABLE_DEBUG_INFO = INCLUDE_SOURCE;
				MTL_FAST_MATH = YES;
				ONLY_ACTIVE_ARCH = YES;
				SDKROOT = xros;
				SWIFT_ACTIVE_COMPILATION_CONDITIONS = "DEBUG $(inherited)";
				SWIFT_OPTIMIZATION_LEVEL = "-Onone";
				XROS_DEPLOYMENT_TARGET = 1.0;
			};
			name = Debug;
		};
		6A27E4E92B77AFEB00A3CA10 /* Release */ = {
			isa = XCBuildConfiguration;
			buildSettings = {
				ALWAYS_SEARCH_USER_PATHS = NO;
				ASSETCATALOG_COMPILER_GENERATE_SWIFT_ASSET_SYMBOL_EXTENSIONS = YES;
				CLANG_ANALYZER_NONNULL = YES;
				CLANG_ANALYZER_NUMBER_OBJECT_CONVERSION = YES_AGGRESSIVE;
				CLANG_CXX_LANGUAGE_STANDARD = "gnu++20";
				CLANG_ENABLE_MODULES = YES;
				CLANG_ENABLE_OBJC_ARC = YES;
				CLANG_ENABLE_OBJC_WEAK = YES;
				CLANG_WARN_BLOCK_CAPTURE_AUTORELEASING = YES;
				CLANG_WARN_BOOL_CONVERSION = YES;
				CLANG_WARN_COMMA = YES;
				CLANG_WARN_CONSTANT_CONVERSION = YES;
				CLANG_WARN_DEPRECATED_OBJC_IMPLEMENTATIONS = YES;
				CLANG_WARN_DIRECT_OBJC_ISA_USAGE = YES_ERROR;
				CLANG_WARN_DOCUMENTATION_COMMENTS = YES;
				CLANG_WARN_EMPTY_BODY = YES;
				CLANG_WARN_ENUM_CONVERSION = YES;
				CLANG_WARN_INFINITE_RECURSION = YES;
				CLANG_WARN_INT_CONVERSION = YES;
				CLANG_WARN_NON_LITERAL_NULL_CONVERSION = YES;
				CLANG_WARN_OBJC_IMPLICIT_RETAIN_SELF = YES;
				CLANG_WARN_OBJC_LITERAL_CONVERSION = YES;
				CLANG_WARN_OBJC_ROOT_CLASS = YES_ERROR;
				CLANG_WARN_QUOTED_INCLUDE_IN_FRAMEWORK_HEADER = YES;
				CLANG_WARN_RANGE_LOOP_ANALYSIS = YES;
				CLANG_WARN_STRICT_PROTOTYPES = YES;
				CLANG_WARN_SUSPICIOUS_MOVE = YES;
				CLANG_WARN_UNGUARDED_AVAILABILITY = YES_AGGRESSIVE;
				CLANG_WARN_UNREACHABLE_CODE = YES;
				CLANG_WARN__DUPLICATE_METHOD_MATCH = YES;
				COPY_PHASE_STRIP = NO;
				DEBUG_INFORMATION_FORMAT = "dwarf-with-dsym";
				ENABLE_NS_ASSERTIONS = NO;
				ENABLE_STRICT_OBJC_MSGSEND = YES;
				ENABLE_USER_SCRIPT_SANDBOXING = YES;
				GCC_C_LANGUAGE_STANDARD = gnu17;
				GCC_NO_COMMON_BLOCKS = YES;
				GCC_WARN_64_TO_32_BIT_CONVERSION = YES;
				GCC_WARN_ABOUT_RETURN_TYPE = YES_ERROR;
				GCC_WARN_UNDECLARED_SELECTOR = YES;
				GCC_WARN_UNINITIALIZED_AUTOS = YES_AGGRESSIVE;
				GCC_WARN_UNUSED_FUNCTION = YES;
				GCC_WARN_UNUSED_VARIABLE = YES;
				LOCALIZATION_PREFERS_STRING_CATALOGS = YES;
				MTL_ENABLE_DEBUG_INFO = NO;
				MTL_FAST_MATH = YES;
				SDKROOT = xros;
				SWIFT_COMPILATION_MODE = wholemodule;
				VALIDATE_PRODUCT = YES;
				XROS_DEPLOYMENT_TARGET = 1.0;
			};
			name = Release;
		};
		6A27E4EB2B77AFEB00A3CA10 /* Debug */ = {
			isa = XCBuildConfiguration;
			buildSettings = {
				ASSETCATALOG_COMPILER_APPICON_NAME = AppIcon;
				ASSETCATALOG_COMPILER_GLOBAL_ACCENT_COLOR_NAME = AccentColor;
				CODE_SIGN_STYLE = Automatic;
				CURRENT_PROJECT_VERSION = 1;
				DEVELOPMENT_ASSET_PATHS = "\"WallArt/Preview Content\"";
				DEVELOPMENT_TEAM = 5HAZJ477MH;
				ENABLE_PREVIEWS = YES;
				GENERATE_INFOPLIST_FILE = YES;
				INFOPLIST_FILE = "$(TARGET_NAME)/Info.plist";
				LD_RUNPATH_SEARCH_PATHS = (
					"$(inherited)",
					"@executable_path/Frameworks",
				);
				MARKETING_VERSION = 1.0;
				PRODUCT_BUNDLE_IDENTIFIER = sparkler.WallArt;
				PRODUCT_NAME = "$(TARGET_NAME)";
				SUPPORTED_PLATFORMS = "xros xrsimulator";
				SWIFT_EMIT_LOC_STRINGS = YES;
				SWIFT_VERSION = 5.0;
				TARGETED_DEVICE_FAMILY = "1,2,7";
			};
			name = Debug;
		};
		6A27E4EC2B77AFEB00A3CA10 /* Release */ = {
			isa = XCBuildConfiguration;
			buildSettings = {
				ASSETCATALOG_COMPILER_APPICON_NAME = AppIcon;
				ASSETCATALOG_COMPILER_GLOBAL_ACCENT_COLOR_NAME = AccentColor;
				CODE_SIGN_STYLE = Automatic;
				CURRENT_PROJECT_VERSION = 1;
				DEVELOPMENT_ASSET_PATHS = "\"WallArt/Preview Content\"";
				DEVELOPMENT_TEAM = 5HAZJ477MH;
				ENABLE_PREVIEWS = YES;
				GENERATE_INFOPLIST_FILE = YES;
				INFOPLIST_FILE = "$(TARGET_NAME)/Info.plist";
				LD_RUNPATH_SEARCH_PATHS = (
					"$(inherited)",
					"@executable_path/Frameworks",
				);
				MARKETING_VERSION = 1.0;
				PRODUCT_BUNDLE_IDENTIFIER = sparkler.WallArt;
				PRODUCT_NAME = "$(TARGET_NAME)";
				SUPPORTED_PLATFORMS = "xros xrsimulator";
				SWIFT_EMIT_LOC_STRINGS = YES;
				SWIFT_VERSION = 5.0;
				TARGETED_DEVICE_FAMILY = "1,2,7";
			};
			name = Release;
		};
		6A27E4EE2B77AFEB00A3CA10 /* Debug */ = {
			isa = XCBuildConfiguration;
			buildSettings = {
				ALWAYS_EMBED_SWIFT_STANDARD_LIBRARIES = YES;
				BUNDLE_LOADER = "$(TEST_HOST)";
				CODE_SIGN_STYLE = Automatic;
				CURRENT_PROJECT_VERSION = 1;
				DEVELOPMENT_TEAM = 5HAZJ477MH;
				GENERATE_INFOPLIST_FILE = YES;
				MARKETING_VERSION = 1.0;
				PRODUCT_BUNDLE_IDENTIFIER = sparkler.WallArtTests;
				PRODUCT_NAME = "$(TARGET_NAME)";
				SUPPORTED_PLATFORMS = "xros xrsimulator";
				SWIFT_EMIT_LOC_STRINGS = NO;
				SWIFT_VERSION = 5.0;
				TARGETED_DEVICE_FAMILY = "1,2,7";
				TEST_HOST = "$(BUILT_PRODUCTS_DIR)/WallArt.app/$(BUNDLE_EXECUTABLE_FOLDER_PATH)/WallArt";
				XROS_DEPLOYMENT_TARGET = 1.0;
			};
			name = Debug;
		};
		6A27E4EF2B77AFEB00A3CA10 /* Release */ = {
			isa = XCBuildConfiguration;
			buildSettings = {
				ALWAYS_EMBED_SWIFT_STANDARD_LIBRARIES = YES;
				BUNDLE_LOADER = "$(TEST_HOST)";
				CODE_SIGN_STYLE = Automatic;
				CURRENT_PROJECT_VERSION = 1;
				DEVELOPMENT_TEAM = 5HAZJ477MH;
				GENERATE_INFOPLIST_FILE = YES;
				MARKETING_VERSION = 1.0;
				PRODUCT_BUNDLE_IDENTIFIER = sparkler.WallArtTests;
				PRODUCT_NAME = "$(TARGET_NAME)";
				SUPPORTED_PLATFORMS = "xros xrsimulator";
				SWIFT_EMIT_LOC_STRINGS = NO;
				SWIFT_VERSION = 5.0;
				TARGETED_DEVICE_FAMILY = "1,2,7";
				TEST_HOST = "$(BUILT_PRODUCTS_DIR)/WallArt.app/$(BUNDLE_EXECUTABLE_FOLDER_PATH)/WallArt";
				XROS_DEPLOYMENT_TARGET = 1.0;
			};
			name = Release;
		};
/* End XCBuildConfiguration section */

/* Begin XCConfigurationList section */
		6A27E4C62B77AFE800A3CA10 /* Build configuration list for PBXProject "WallArt" */ = {
			isa = XCConfigurationList;
			buildConfigurations = (
				6A27E4E82B77AFEB00A3CA10 /* Debug */,
				6A27E4E92B77AFEB00A3CA10 /* Release */,
			);
			defaultConfigurationIsVisible = 0;
			defaultConfigurationName = Release;
		};
		6A27E4EA2B77AFEB00A3CA10 /* Build configuration list for PBXNativeTarget "WallArt" */ = {
			isa = XCConfigurationList;
			buildConfigurations = (
				6A27E4EB2B77AFEB00A3CA10 /* Debug */,
				6A27E4EC2B77AFEB00A3CA10 /* Release */,
			);
			defaultConfigurationIsVisible = 0;
			defaultConfigurationName = Release;
		};
		6A27E4ED2B77AFEB00A3CA10 /* Build configuration list for PBXNativeTarget "WallArtTests" */ = {
			isa = XCConfigurationList;
			buildConfigurations = (
				6A27E4EE2B77AFEB00A3CA10 /* Debug */,
				6A27E4EF2B77AFEB00A3CA10 /* Release */,
			);
			defaultConfigurationIsVisible = 0;
			defaultConfigurationName = Release;
		};
/* End XCConfigurationList section */

/* Begin XCSwiftPackageProductDependency section */
		6A27E4D02B77AFE800A3CA10 /* RealityKitContent */ = {
			isa = XCSwiftPackageProductDependency;
			productName = RealityKitContent;
		};
/* End XCSwiftPackageProductDependency section */
	};
	rootObject = 6A27E4C32B77AFE800A3CA10 /* Project object */;
}
